
Microsoft Visual Studio Solution File, Format Version 12.00
# Visual Studio Version 16
VisualStudioVersion = 16.0.31321.278
MinimumVisualStudioVersion = 10.0.40219.1
Project("{FAE04EC0-301F-11D3-BF4B-00C04F79EFBC}") = "HelloWorld", "HelloWorld.csproj", "{A0CBA1C0-29BF-4A88-B4D0-E7C1B29C3FE0}"
EndProject
Global
	GlobalSection(SolutionConfigurationPlatforms) = preSolution
		Debug|Any CPU = Debug|Any CPU
		Release|Any CPU = Release|Any CPU
	EndGlobalSection
	GlobalSection(ProjectConfigurationPlatforms) = postSolution
		{A0CBA1C0-29BF-4A88-B4D0-E7C1B29C3FE0}.Debug|Any CPU.ActiveCfg = Debug|Any CPU
		{A0CBA1C0-29BF-4A88-B4D0-E7C1B29C3FE0}.Debug|Any CPU.Build.0 = Debug|Any CPU
		{A0CBA1C0-29BF-4A88-B4D0-E7C1B29C3FE0}.Release|Any CPU.ActiveCfg = Release|Any CPU
		{A0CBA1C0-29BF-4A88-B4D0-E7C1B29C3FE0}.Release|Any CPU.Build.0 = Release|Any CPU
	EndGlobalSection
	GlobalSection(SolutionProperties) = preSolution
		HideSolutionNode = FALSE
	EndGlobalSection
	GlobalSection(ExtensibilityGlobals) = postSolution
		SolutionGuid = {0ED19836-78FD-40B0-AA7C-6C53B0F55801}
	EndGlobalSection
EndGlobal
